[[dependencies]]
name = "contract-libs"
version = "0.1.7"
url = "https://github.com/axieinfinity/contract-libs/archive/refs/tags/release-v0.1.7.zip"
checksum = "bd6a125633d78cf627d869f7c6ae6ab6f4f98146e6d524ec57f281973d443d6d"
integrity = "9c345eab7bbd95a9c568b904b88ac74c757a19d23bf0f334ef6b959de65b854f"

[[dependencies]]
name = "creator-token-standard-v5"
version = "5.0.0"
url = "https://github.com/limitbreakinc/creator-token-standards/archive/refs/tags/v5.0.0.zip"
checksum = "c7a2975e53a180ee65143c801a99329fa283206e317729fefa7bc6772dceeedf"
integrity = "3f004fd4d462cc242bdfcdf68c7170d473e63d5a5468863318c22e800adba81a"

[[dependencies]]
name = "fdk"
version = "0.3.6-gamma"
url = "https://github.com/axieinfinity/foundry-deployment-kit/archive/refs/tags/v0.3.6-gamma.1.zip"
checksum = "c03a263dcc04dfc02f9de685a21c31e8d63c2a57e3c068fa70d3325031b68263"
integrity = "8dc148795fbbe00966ab633f20f8a0b66df51844afda2017e029ac990f015c48"

[[dependencies]]
name = "openzeppelin-v4"
version = "4.9.5"
url = "https://github.com/OpenZeppelin/openzeppelin-contracts/archive/refs/tags/v4.9.5.zip"
checksum = "fe249a9cb37b7a6664f8bfe61a9633873fbbb895e5d4c3fac78db50fd9af3a73"
integrity = "68f279991af7e089d31d65b6384b62f6d95d55a604b47a0794572cccbcbac924"

[[dependencies]]
name = "solady"
version = "0.1.19"
url = "https://github.com/Vectorized/solady/archive/refs/tags/v0.1.19.zip"
checksum = "ba539a8802c5a5194f1839863de2a9d7e022323ca4094e53e730eedefe7c114d"
integrity = "78677bdfe2484ac73a92158b14ee830a0ce5e671ce092048c40d311ff4b169f9"

[[dependencies]]
name = "tstorish"
version = "0.1.0"
git = "git@github.com:ProjectOpenSea/tstorish.git"
rev = "e0dd75ed9fedfbbd3a226fdb0a57d3e78e5a2374"
